<Solution>
  <Project Path="SmartSchool.BLL/SmartSchool.BLL.csproj" Id="d0493800-db0a-4f2d-ad18-a67c9e184da4" />
  <Project Path="SmartSchool.DAL/SmartSchool.DAL.csproj" Id="76100456-8e79-4c94-a631-702db60538b3" />
  <Project Path="SmartSchool.UI/SmartSchool.UI.csproj" Id="713fa9ef-4de8-4ae7-928d-03fd10fd0a64" />
</Solution>
